<Solution>
  <Project Path="SaaS.Core/SaaS.Core.csproj" />
  <Project Path="SaaS.DAL/SaaS.DAL.csproj" />
  <Project Path="../WorkProvider360DB/Automatic/Automatic.csproj" Id="b6a740ad-671f-4974-bd89-fa7375ad9c9c" />
  <Project Path="SaaS.BLL/SaaS.BLL.csproj" />
  <Project Path="WorkProvider360.csproj" />
</Solution>
